Microsoft Visual Studio Solution File, Format Version 12.00
# Visual Studio Version 17
VisualStudioVersion = 17.5.2.0
MinimumVisualStudioVersion = 10.0.40219.1
Project("{FAE04EC0-301F-11D3-BF4B-00C04F79EFBC}") = "Tabloid", "Tabloid.csproj", "{34E02D73-0116-D7A8-71ED-AF3389DD23AD}"
EndProject
Global
	GlobalSection(SolutionConfigurationPlatforms) = preSolution
		Debug|Any CPU = Debug|Any CPU
		Release|Any CPU = Release|Any CPU
	EndGlobalSection
	GlobalSection(ProjectConfigurationPlatforms) = postSolution
		{34E02D73-0116-D7A8-71ED-AF3389DD23AD}.Debug|Any CPU.ActiveCfg = Debug|Any CPU
		{34E02D73-0116-D7A8-71ED-AF3389DD23AD}.Debug|Any CPU.Build.0 = Debug|Any CPU
		{34E02D73-0116-D7A8-71ED-AF3389DD23AD}.Release|Any CPU.ActiveCfg = Release|Any CPU
		{34E02D73-0116-D7A8-71ED-AF3389DD23AD}.Release|Any CPU.Build.0 = Release|Any CPU
	EndGlobalSection
	GlobalSection(SolutionProperties) = preSolution
		HideSolutionNode = FALSE
	EndGlobalSection
	GlobalSection(ExtensibilityGlobals) = postSolution
		SolutionGuid = {F489217D-1BF5-41EA-9CB7-88267EB08932}
	EndGlobalSection
EndGlobal
